// !$*UTF8*$!
{
	archiveVersion = 1;
	classes = {
	};
	objectVersion = 50;
	objects = {

/* Begin PBXBuildFile section */
		6B6311698DB8AAFC42C9E88E /* Pods_teachMe.framework in Frameworks */ = {isa = PBXBuildFile; fileRef = B18EA3650C2A24850044A2BF /* Pods_teachMe.framework */; };
		EAD0C9D2FBBCE3374DC6577A /* Pods_teachMeTests.framework in Frameworks */ = {isa = PBXBuildFile; fileRef = 387D2509110F790BFD6DA9B0 /* Pods_teachMeTests.framework */; };
		F6392F2120B1D98A00973418 /* AppDelegate.swift in Sources */ = {isa = PBXBuildFile; fileRef = F6392F2020B1D98A00973418 /* AppDelegate.swift */; };
		F6392F2320B1D98A00973418 /* LoginVC.swift in Sources */ = {isa = PBXBuildFile; fileRef = F6392F2220B1D98A00973418 /* LoginVC.swift */; };
		F6392F2620B1D98A00973418 /* Main.storyboard in Resources */ = {isa = PBXBuildFile; fileRef = F6392F2420B1D98A00973418 /* Main.storyboard */; };
		F6392F2920B1D98A00973418 /* teachMe.xcdatamodeld in Sources */ = {isa = PBXBuildFile; fileRef = F6392F2720B1D98A00973418 /* teachMe.xcdatamodeld */; };
		F6392F2B20B1D98C00973418 /* Assets.xcassets in Resources */ = {isa = PBXBuildFile; fileRef = F6392F2A20B1D98C00973418 /* Assets.xcassets */; };
		F6392F2E20B1D98C00973418 /* LaunchScreen.storyboard in Resources */ = {isa = PBXBuildFile; fileRef = F6392F2C20B1D98C00973418 /* LaunchScreen.storyboard */; };
		F650262722868FE2007D0B17 /* AuthenticationErrorTests.swift in Sources */ = {isa = PBXBuildFile; fileRef = F650262622868FE2007D0B17 /* AuthenticationErrorTests.swift */; };
		F650262B2286901A007D0B17 /* AuthenticationError.swift in Sources */ = {isa = PBXBuildFile; fileRef = F650262A2286901A007D0B17 /* AuthenticationError.swift */; };
		F650263222874C1B007D0B17 /* Constants.swift in Sources */ = {isa = PBXBuildFile; fileRef = F650263122874C1B007D0B17 /* Constants.swift */; };
		F650263F22878D06007D0B17 /* RegisterUserUseCaseTests.swift in Sources */ = {isa = PBXBuildFile; fileRef = F650263E22878D06007D0B17 /* RegisterUserUseCaseTests.swift */; };
		F650264222878D7F007D0B17 /* RegisterUserUsecase.swift in Sources */ = {isa = PBXBuildFile; fileRef = F650264122878D7F007D0B17 /* RegisterUserUsecase.swift */; };
		F650264522879155007D0B17 /* AuthenticationGatewayStub.swift in Sources */ = {isa = PBXBuildFile; fileRef = F650264422879155007D0B17 /* AuthenticationGatewayStub.swift */; };
		F6502648228795D3007D0B17 /* AuthenticationGateway.swift in Sources */ = {isa = PBXBuildFile; fileRef = F6502647228795D3007D0B17 /* AuthenticationGateway.swift */; };
		F650264A22879612007D0B17 /* UserEntity.swift in Sources */ = {isa = PBXBuildFile; fileRef = F650264922879612007D0B17 /* UserEntity.swift */; };
		F650264D228875BF007D0B17 /* AccountType.swift in Sources */ = {isa = PBXBuildFile; fileRef = F650264C228875BF007D0B17 /* AccountType.swift */; };
		F650264F228880FE007D0B17 /* AuthenticationGatewayFirebase.swift in Sources */ = {isa = PBXBuildFile; fileRef = F650264E228880FE007D0B17 /* AuthenticationGatewayFirebase.swift */; };
		F650265122888CC4007D0B17 /* CreateAccountVCTests.swift in Sources */ = {isa = PBXBuildFile; fileRef = F650265022888CC4007D0B17 /* CreateAccountVCTests.swift */; };
		F65026532289223D007D0B17 /* RegisterUserPresenterStub.swift in Sources */ = {isa = PBXBuildFile; fileRef = F65026522289223D007D0B17 /* RegisterUserPresenterStub.swift */; };
		F66985872116697A0004CC7F /* GoogleService-Info.plist in Resources */ = {isa = PBXBuildFile; fileRef = F66985862116697A0004CC7F /* GoogleService-Info.plist */; };
		F6698589211682430004CC7F /* LoginVCTests.swift in Sources */ = {isa = PBXBuildFile; fileRef = F6698588211682430004CC7F /* LoginVCTests.swift */; };
		F693BDB7227EBE1400B83944 /* ChalkBoardTextField.swift in Sources */ = {isa = PBXBuildFile; fileRef = F693BDB6227EBE1400B83944 /* ChalkBoardTextField.swift */; };
		F693BDB9227FA7F200B83944 /* CreateAccountVC.swift in Sources */ = {isa = PBXBuildFile; fileRef = F693BDB8227FA7F200B83944 /* CreateAccountVC.swift */; };
		F693BDD5227FB2F400B83944 /* teachmeLoginFlowUITests.swift in Sources */ = {isa = PBXBuildFile; fileRef = F693BDD4227FB2F400B83944 /* teachmeLoginFlowUITests.swift */; };
/* End PBXBuildFile section */

/* Begin PBXContainerItemProxy section */
		F669856F2103FE1B0004CC7F /* PBXContainerItemProxy */ = {
			isa = PBXContainerItemProxy;
			containerPortal = F6392F1520B1D98A00973418 /* Project object */;
			proxyType = 1;
			remoteGlobalIDString = F6392F1C20B1D98A00973418;
			remoteInfo = teachMe;
		};
		F693BDD0227FB2DB00B83944 /* PBXContainerItemProxy */ = {
			isa = PBXContainerItemProxy;
			containerPortal = F6392F1520B1D98A00973418 /* Project object */;
			proxyType = 1;
			remoteGlobalIDString = F6392F1C20B1D98A00973418;
			remoteInfo = teachMe;
		};
/* End PBXContainerItemProxy section */

/* Begin PBXFileReference section */
		06732029BF0421C4269DDA4B /* Pods-teachMe.debug.xcconfig */ = {isa = PBXFileReference; includeInIndex = 1; lastKnownFileType = text.xcconfig; name = "Pods-teachMe.debug.xcconfig"; path = "Pods/Target Support Files/Pods-teachMe/Pods-teachMe.debug.xcconfig"; sourceTree = "<group>"; };
		2F509885E3595C24AA6B959A /* Pods_teachMeUITests.framework */ = {isa = PBXFileReference; explicitFileType = wrapper.framework; includeInIndex = 0; path = Pods_teachMeUITests.framework; sourceTree = BUILT_PRODUCTS_DIR; };
		387D2509110F790BFD6DA9B0 /* Pods_teachMeTests.framework */ = {isa = PBXFileReference; explicitFileType = wrapper.framework; includeInIndex = 0; path = Pods_teachMeTests.framework; sourceTree = BUILT_PRODUCTS_DIR; };
		620984B1226A0729BE1CE323 /* Pods-teachMeTests.debug.xcconfig */ = {isa = PBXFileReference; includeInIndex = 1; lastKnownFileType = text.xcconfig; name = "Pods-teachMeTests.debug.xcconfig"; path = "Pods/Target Support Files/Pods-teachMeTests/Pods-teachMeTests.debug.xcconfig"; sourceTree = "<group>"; };
		8A8449EF634975AFA9416D32 /* Pods-teachMeUITests.debug.xcconfig */ = {isa = PBXFileReference; includeInIndex = 1; lastKnownFileType = text.xcconfig; name = "Pods-teachMeUITests.debug.xcconfig"; path = "Pods/Target Support Files/Pods-teachMeUITests/Pods-teachMeUITests.debug.xcconfig"; sourceTree = "<group>"; };
		94D534B9BDBC9703C4C7A07E /* Pods-teachMe.release.xcconfig */ = {isa = PBXFileReference; includeInIndex = 1; lastKnownFileType = text.xcconfig; name = "Pods-teachMe.release.xcconfig"; path = "Pods/Target Support Files/Pods-teachMe/Pods-teachMe.release.xcconfig"; sourceTree = "<group>"; };
		B18EA3650C2A24850044A2BF /* Pods_teachMe.framework */ = {isa = PBXFileReference; explicitFileType = wrapper.framework; includeInIndex = 0; path = Pods_teachMe.framework; sourceTree = BUILT_PRODUCTS_DIR; };
		C4AADF1A5FDEB09FCBCB8B45 /* Pods-teachMeUITests.release.xcconfig */ = {isa = PBXFileReference; includeInIndex = 1; lastKnownFileType = text.xcconfig; name = "Pods-teachMeUITests.release.xcconfig"; path = "Pods/Target Support Files/Pods-teachMeUITests/Pods-teachMeUITests.release.xcconfig"; sourceTree = "<group>"; };
		E477D0688042F05CB832AB61 /* Pods-teachMeTests.release.xcconfig */ = {isa = PBXFileReference; includeInIndex = 1; lastKnownFileType = text.xcconfig; name = "Pods-teachMeTests.release.xcconfig"; path = "Pods/Target Support Files/Pods-teachMeTests/Pods-teachMeTests.release.xcconfig"; sourceTree = "<group>"; };
		F6392F1D20B1D98A00973418 /* teachMe.app */ = {isa = PBXFileReference; explicitFileType = wrapper.application; includeInIndex = 0; path = teachMe.app; sourceTree = BUILT_PRODUCTS_DIR; };
		F6392F2020B1D98A00973418 /* AppDelegate.swift */ = {isa = PBXFileReference; lastKnownFileType = sourcecode.swift; path = AppDelegate.swift; sourceTree = "<group>"; };
		F6392F2220B1D98A00973418 /* LoginVC.swift */ = {isa = PBXFileReference; lastKnownFileType = sourcecode.swift; path = LoginVC.swift; sourceTree = "<group>"; };
		F6392F2520B1D98A00973418 /* Base */ = {isa = PBXFileReference; lastKnownFileType = file.storyboard; name = Base; path = Base.lproj/Main.storyboard; sourceTree = "<group>"; };
		F6392F2820B1D98A00973418 /* teachMe.xcdatamodel */ = {isa = PBXFileReference; lastKnownFileType = wrapper.xcdatamodel; path = teachMe.xcdatamodel; sourceTree = "<group>"; };
		F6392F2A20B1D98C00973418 /* Assets.xcassets */ = {isa = PBXFileReference; lastKnownFileType = folder.assetcatalog; path = Assets.xcassets; sourceTree = "<group>"; };
		F6392F2D20B1D98C00973418 /* Base */ = {isa = PBXFileReference; lastKnownFileType = file.storyboard; name = Base; path = Base.lproj/LaunchScreen.storyboard; sourceTree = "<group>"; };
		F6392F2F20B1D98C00973418 /* Info.plist */ = {isa = PBXFileReference; lastKnownFileType = text.plist.xml; path = Info.plist; sourceTree = "<group>"; };
		F650262622868FE2007D0B17 /* AuthenticationErrorTests.swift */ = {isa = PBXFileReference; lastKnownFileType = sourcecode.swift; path = AuthenticationErrorTests.swift; sourceTree = "<group>"; };
		F650262A2286901A007D0B17 /* AuthenticationError.swift */ = {isa = PBXFileReference; lastKnownFileType = sourcecode.swift; path = AuthenticationError.swift; sourceTree = "<group>"; };
		F650263122874C1B007D0B17 /* Constants.swift */ = {isa = PBXFileReference; lastKnownFileType = sourcecode.swift; path = Constants.swift; sourceTree = "<group>"; };
		F650263E22878D06007D0B17 /* RegisterUserUseCaseTests.swift */ = {isa = PBXFileReference; lastKnownFileType = sourcecode.swift; path = RegisterUserUseCaseTests.swift; sourceTree = "<group>"; };
		F650264122878D7F007D0B17 /* RegisterUserUsecase.swift */ = {isa = PBXFileReference; lastKnownFileType = sourcecode.swift; path = RegisterUserUsecase.swift; sourceTree = "<group>"; };
		F650264422879155007D0B17 /* AuthenticationGatewayStub.swift */ = {isa = PBXFileReference; lastKnownFileType = sourcecode.swift; path = AuthenticationGatewayStub.swift; sourceTree = "<group>"; };
		F6502647228795D3007D0B17 /* AuthenticationGateway.swift */ = {isa = PBXFileReference; lastKnownFileType = sourcecode.swift; path = AuthenticationGateway.swift; sourceTree = "<group>"; };
		F650264922879612007D0B17 /* UserEntity.swift */ = {isa = PBXFileReference; lastKnownFileType = sourcecode.swift; path = UserEntity.swift; sourceTree = "<group>"; };
		F650264C228875BF007D0B17 /* AccountType.swift */ = {isa = PBXFileReference; lastKnownFileType = sourcecode.swift; path = AccountType.swift; sourceTree = "<group>"; };
		F650264E228880FE007D0B17 /* AuthenticationGatewayFirebase.swift */ = {isa = PBXFileReference; lastKnownFileType = sourcecode.swift; path = AuthenticationGatewayFirebase.swift; sourceTree = "<group>"; };
		F650265022888CC4007D0B17 /* CreateAccountVCTests.swift */ = {isa = PBXFileReference; lastKnownFileType = sourcecode.swift; path = CreateAccountVCTests.swift; sourceTree = "<group>"; };
		F65026522289223D007D0B17 /* RegisterUserPresenterStub.swift */ = {isa = PBXFileReference; lastKnownFileType = sourcecode.swift; path = RegisterUserPresenterStub.swift; sourceTree = "<group>"; };
		F669856A2103FE1B0004CC7F /* teachMeTests.xctest */ = {isa = PBXFileReference; explicitFileType = wrapper.cfbundle; includeInIndex = 0; path = teachMeTests.xctest; sourceTree = BUILT_PRODUCTS_DIR; };
		F669856E2103FE1B0004CC7F /* Info.plist */ = {isa = PBXFileReference; lastKnownFileType = text.plist.xml; path = Info.plist; sourceTree = "<group>"; };
		F66985862116697A0004CC7F /* GoogleService-Info.plist */ = {isa = PBXFileReference; fileEncoding = 4; lastKnownFileType = text.plist.xml; path = "GoogleService-Info.plist"; sourceTree = "<group>"; };
		F6698588211682430004CC7F /* LoginVCTests.swift */ = {isa = PBXFileReference; lastKnownFileType = sourcecode.swift; path = LoginVCTests.swift; sourceTree = "<group>"; };
		F693BDB6227EBE1400B83944 /* ChalkBoardTextField.swift */ = {isa = PBXFileReference; lastKnownFileType = sourcecode.swift; path = ChalkBoardTextField.swift; sourceTree = "<group>"; };
		F693BDB8227FA7F200B83944 /* CreateAccountVC.swift */ = {isa = PBXFileReference; lastKnownFileType = sourcecode.swift; path = CreateAccountVC.swift; sourceTree = "<group>"; };
		F693BDCB227FB2DB00B83944 /* teachMeUITests.xctest */ = {isa = PBXFileReference; explicitFileType = wrapper.cfbundle; includeInIndex = 0; path = teachMeUITests.xctest; sourceTree = BUILT_PRODUCTS_DIR; };
		F693BDCF227FB2DB00B83944 /* Info.plist */ = {isa = PBXFileReference; lastKnownFileType = text.plist.xml; path = Info.plist; sourceTree = "<group>"; };
		F693BDD4227FB2F400B83944 /* teachmeLoginFlowUITests.swift */ = {isa = PBXFileReference; lastKnownFileType = sourcecode.swift; path = teachmeLoginFlowUITests.swift; sourceTree = "<group>"; };
/* End PBXFileReference section */

/* Begin PBXFrameworksBuildPhase section */
		F6392F1A20B1D98A00973418 /* Frameworks */ = {
			isa = PBXFrameworksBuildPhase;
			buildActionMask = 2147483647;
			files = (
				6B6311698DB8AAFC42C9E88E /* Pods_teachMe.framework in Frameworks */,
			);
			runOnlyForDeploymentPostprocessing = 0;
		};
		F66985672103FE1B0004CC7F /* Frameworks */ = {
			isa = PBXFrameworksBuildPhase;
			buildActionMask = 2147483647;
			files = (
				EAD0C9D2FBBCE3374DC6577A /* Pods_teachMeTests.framework in Frameworks */,
			);
			runOnlyForDeploymentPostprocessing = 0;
		};
		F693BDC8227FB2DB00B83944 /* Frameworks */ = {
			isa = PBXFrameworksBuildPhase;
			buildActionMask = 2147483647;
			files = (
			);
			runOnlyForDeploymentPostprocessing = 0;
		};
/* End PBXFrameworksBuildPhase section */

/* Begin PBXGroup section */
		4D5314065AC4D091CE9B762E /* Pods */ = {
			isa = PBXGroup;
			children = (
				06732029BF0421C4269DDA4B /* Pods-teachMe.debug.xcconfig */,
				94D534B9BDBC9703C4C7A07E /* Pods-teachMe.release.xcconfig */,
				620984B1226A0729BE1CE323 /* Pods-teachMeTests.debug.xcconfig */,
				E477D0688042F05CB832AB61 /* Pods-teachMeTests.release.xcconfig */,
				8A8449EF634975AFA9416D32 /* Pods-teachMeUITests.debug.xcconfig */,
				C4AADF1A5FDEB09FCBCB8B45 /* Pods-teachMeUITests.release.xcconfig */,
			);
			name = Pods;
			sourceTree = "<group>";
		};
		BFF8362FEE9F937FAC5FDC86 /* Frameworks */ = {
			isa = PBXGroup;
			children = (
				B18EA3650C2A24850044A2BF /* Pods_teachMe.framework */,
				387D2509110F790BFD6DA9B0 /* Pods_teachMeTests.framework */,
				2F509885E3595C24AA6B959A /* Pods_teachMeUITests.framework */,
			);
			name = Frameworks;
			sourceTree = "<group>";
		};
		F61E5F522117D32A004D66FF /* Services */ = {
			isa = PBXGroup;
			children = (
			);
			name = Services;
			path = "New Group";
			sourceTree = "<group>";
		};
		F62424A7227E5D660022ECD0 /* Controller */ = {
			isa = PBXGroup;
			children = (
				F6392F2220B1D98A00973418 /* LoginVC.swift */,
				F693BDB8227FA7F200B83944 /* CreateAccountVC.swift */,
			);
			path = Controller;
			sourceTree = "<group>";
		};
		F6392F1420B1D98A00973418 = {
			isa = PBXGroup;
			children = (
				F6392F1F20B1D98A00973418 /* teachMe */,
				F669856B2103FE1B0004CC7F /* teachMeTests */,
				F693BDCC227FB2DB00B83944 /* teachMeUITests */,
				F6392F1E20B1D98A00973418 /* Products */,
				4D5314065AC4D091CE9B762E /* Pods */,
				BFF8362FEE9F937FAC5FDC86 /* Frameworks */,
			);
			sourceTree = "<group>";
		};
		F6392F1E20B1D98A00973418 /* Products */ = {
			isa = PBXGroup;
			children = (
				F6392F1D20B1D98A00973418 /* teachMe.app */,
				F669856A2103FE1B0004CC7F /* teachMeTests.xctest */,
				F693BDCB227FB2DB00B83944 /* teachMeUITests.xctest */,
			);
			name = Products;
			sourceTree = "<group>";
		};
		F6392F1F20B1D98A00973418 /* teachMe */ = {
			isa = PBXGroup;
			children = (
				F650264B228875AD007D0B17 /* Enumerations */,
				F650263022874C0E007D0B17 /* Constants */,
				F650262822869009007D0B17 /* Authentications */,
				F693BDB1227EB9D300B83944 /* View */,
				F62424A7227E5D660022ECD0 /* Controller */,
				F61E5F522117D32A004D66FF /* Services */,
				F6392F2020B1D98A00973418 /* AppDelegate.swift */,
				F6392F2420B1D98A00973418 /* Main.storyboard */,
				F6392F2A20B1D98C00973418 /* Assets.xcassets */,
				F6392F2C20B1D98C00973418 /* LaunchScreen.storyboard */,
				F6392F2F20B1D98C00973418 /* Info.plist */,
				F6392F2720B1D98A00973418 /* teachMe.xcdatamodeld */,
				F66985862116697A0004CC7F /* GoogleService-Info.plist */,
			);
			path = teachMe;
			sourceTree = "<group>";
		};
		F650262822869009007D0B17 /* Authentications */ = {
			isa = PBXGroup;
			children = (
				F6502646228795C4007D0B17 /* Gateways */,
				F650264022878D54007D0B17 /* Usecases */,
				F65026292286900F007D0B17 /* Entities */,
			);
			path = Authentications;
			sourceTree = "<group>";
		};
		F65026292286900F007D0B17 /* Entities */ = {
			isa = PBXGroup;
			children = (
				F650262A2286901A007D0B17 /* AuthenticationError.swift */,
				F650264922879612007D0B17 /* UserEntity.swift */,
			);
			path = Entities;
			sourceTree = "<group>";
		};
		F650263022874C0E007D0B17 /* Constants */ = {
			isa = PBXGroup;
			children = (
				F650263122874C1B007D0B17 /* Constants.swift */,
			);
			path = Constants;
			sourceTree = "<group>";
		};
		F650264022878D54007D0B17 /* Usecases */ = {
			isa = PBXGroup;
			children = (
				F650264122878D7F007D0B17 /* RegisterUserUsecase.swift */,
			);
			path = Usecases;
			sourceTree = "<group>";
		};
		F65026432287913E007D0B17 /* Doubles */ = {
			isa = PBXGroup;
			children = (
				F650264422879155007D0B17 /* AuthenticationGatewayStub.swift */,
				F65026522289223D007D0B17 /* RegisterUserPresenterStub.swift */,
			);
			path = Doubles;
			sourceTree = "<group>";
		};
		F6502646228795C4007D0B17 /* Gateways */ = {
			isa = PBXGroup;
			children = (
				F6502647228795D3007D0B17 /* AuthenticationGateway.swift */,
				F650264E228880FE007D0B17 /* AuthenticationGatewayFirebase.swift */,
			);
			path = Gateways;
			sourceTree = "<group>";
		};
		F650264B228875AD007D0B17 /* Enumerations */ = {
			isa = PBXGroup;
			children = (
				F650264C228875BF007D0B17 /* AccountType.swift */,
			);
			path = Enumerations;
			sourceTree = "<group>";
		};
		F669856B2103FE1B0004CC7F /* teachMeTests */ = {
			isa = PBXGroup;
			children = (
				F65026432287913E007D0B17 /* Doubles */,
				F669856E2103FE1B0004CC7F /* Info.plist */,
				F6698588211682430004CC7F /* LoginVCTests.swift */,
				F650262622868FE2007D0B17 /* AuthenticationErrorTests.swift */,
				F650263E22878D06007D0B17 /* RegisterUserUseCaseTests.swift */,
				F650265022888CC4007D0B17 /* CreateAccountVCTests.swift */,
			);
			path = teachMeTests;
			sourceTree = "<group>";
		};
		F693BDB1227EB9D300B83944 /* View */ = {
			isa = PBXGroup;
			children = (
				F693BDB6227EBE1400B83944 /* ChalkBoardTextField.swift */,
			);
			path = View;
			sourceTree = "<group>";
		};
		F693BDCC227FB2DB00B83944 /* teachMeUITests */ = {
			isa = PBXGroup;
			children = (
				F693BDCF227FB2DB00B83944 /* Info.plist */,
				F693BDD4227FB2F400B83944 /* teachmeLoginFlowUITests.swift */,
			);
			path = teachMeUITests;
			sourceTree = "<group>";
		};
/* End PBXGroup section */

/* Begin PBXNativeTarget section */
		F6392F1C20B1D98A00973418 /* teachMe */ = {
			isa = PBXNativeTarget;
			buildConfigurationList = F6392F3220B1D98C00973418 /* Build configuration list for PBXNativeTarget "teachMe" */;
			buildPhases = (
				4BCE77A95939C37195A19BC6 /* [CP] Check Pods Manifest.lock */,
				F6392F1920B1D98A00973418 /* Sources */,
				F6392F1A20B1D98A00973418 /* Frameworks */,
				F6392F1B20B1D98A00973418 /* Resources */,
				98FF58FE914E38E8513585DC /* [CP] Embed Pods Frameworks */,
			);
			buildRules = (
			);
			dependencies = (
			);
			name = teachMe;
			productName = teachMe;
			productReference = F6392F1D20B1D98A00973418 /* teachMe.app */;
			productType = "com.apple.product-type.application";
		};
		F66985692103FE1B0004CC7F /* teachMeTests */ = {
			isa = PBXNativeTarget;
			buildConfigurationList = F66985712103FE1B0004CC7F /* Build configuration list for PBXNativeTarget "teachMeTests" */;
			buildPhases = (
				CBD31D0D5166F4489B8823E0 /* [CP] Check Pods Manifest.lock */,
				F66985662103FE1B0004CC7F /* Sources */,
				F66985672103FE1B0004CC7F /* Frameworks */,
				F66985682103FE1B0004CC7F /* Resources */,
				893F857DAD6D96187678BE1E /* [CP] Embed Pods Frameworks */,
			);
			buildRules = (
			);
			dependencies = (
				F66985702103FE1B0004CC7F /* PBXTargetDependency */,
			);
			name = teachMeTests;
			productName = teachMeTests;
			productReference = F669856A2103FE1B0004CC7F /* teachMeTests.xctest */;
			productType = "com.apple.product-type.bundle.unit-test";
		};
		F693BDCA227FB2DB00B83944 /* teachMeUITests */ = {
			isa = PBXNativeTarget;
			buildConfigurationList = F693BDD2227FB2DB00B83944 /* Build configuration list for PBXNativeTarget "teachMeUITests" */;
			buildPhases = (
				F693BDC7227FB2DB00B83944 /* Sources */,
				F693BDC8227FB2DB00B83944 /* Frameworks */,
				F693BDC9227FB2DB00B83944 /* Resources */,
			);
			buildRules = (
			);
			dependencies = (
				F693BDD1227FB2DB00B83944 /* PBXTargetDependency */,
			);
			name = teachMeUITests;
			productName = teachMeUITests;
			productReference = F693BDCB227FB2DB00B83944 /* teachMeUITests.xctest */;
			productType = "com.apple.product-type.bundle.ui-testing";
		};
/* End PBXNativeTarget section */

/* Begin PBXProject section */
		F6392F1520B1D98A00973418 /* Project object */ = {
			isa = PBXProject;
			attributes = {
				LastSwiftUpdateCheck = 1020;
				LastUpgradeCheck = 0930;
				ORGANIZATIONNAME = "Ricardo Herrera Petit";
				TargetAttributes = {
					F6392F1C20B1D98A00973418 = {
						CreatedOnToolsVersion = 9.3.1;
					};
					F66985692103FE1B0004CC7F = {
						CreatedOnToolsVersion = 9.4.1;
						TestTargetID = F6392F1C20B1D98A00973418;
					};
					F693BDCA227FB2DB00B83944 = {
						CreatedOnToolsVersion = 10.2.1;
						TestTargetID = F6392F1C20B1D98A00973418;
					};
				};
			};
			buildConfigurationList = F6392F1820B1D98A00973418 /* Build configuration list for PBXProject "teachMe" */;
			compatibilityVersion = "Xcode 9.3";
			developmentRegion = en;
			hasScannedForEncodings = 0;
			knownRegions = (
				en,
				Base,
			);
			mainGroup = F6392F1420B1D98A00973418;
			productRefGroup = F6392F1E20B1D98A00973418 /* Products */;
			projectDirPath = "";
			projectRoot = "";
			targets = (
				F6392F1C20B1D98A00973418 /* teachMe */,
				F66985692103FE1B0004CC7F /* teachMeTests */,
				F693BDCA227FB2DB00B83944 /* teachMeUITests */,
			);
		};
/* End PBXProject section */

/* Begin PBXResourcesBuildPhase section */
		F6392F1B20B1D98A00973418 /* Resources */ = {
			isa = PBXResourcesBuildPhase;
			buildActionMask = 2147483647;
			files = (
				F6392F2E20B1D98C00973418 /* LaunchScreen.storyboard in Resources */,
				F66985872116697A0004CC7F /* GoogleService-Info.plist in Resources */,
				F6392F2B20B1D98C00973418 /* Assets.xcassets in Resources */,
				F6392F2620B1D98A00973418 /* Main.storyboard in Resources */,
			);
			runOnlyForDeploymentPostprocessing = 0;
		};
		F66985682103FE1B0004CC7F /* Resources */ = {
			isa = PBXResourcesBuildPhase;
			buildActionMask = 2147483647;
			files = (
			);
			runOnlyForDeploymentPostprocessing = 0;
		};
		F693BDC9227FB2DB00B83944 /* Resources */ = {
			isa = PBXResourcesBuildPhase;
			buildActionMask = 2147483647;
			files = (
			);
			runOnlyForDeploymentPostprocessing = 0;
		};
/* End PBXResourcesBuildPhase section */

/* Begin PBXShellScriptBuildPhase section */
		4BCE77A95939C37195A19BC6 /* [CP] Check Pods Manifest.lock */ = {
			isa = PBXShellScriptBuildPhase;
			buildActionMask = 2147483647;
			files = (
			);
			inputPaths = (
				"${PODS_PODFILE_DIR_PATH}/Podfile.lock",
				"${PODS_ROOT}/Manifest.lock",
			);
			name = "[CP] Check Pods Manifest.lock";
			outputPaths = (
				"$(DERIVED_FILE_DIR)/Pods-teachMe-checkManifestLockResult.txt",
			);
			runOnlyForDeploymentPostprocessing = 0;
			shellPath = /bin/sh;
			shellScript = "diff \"${PODS_PODFILE_DIR_PATH}/Podfile.lock\" \"${PODS_ROOT}/Manifest.lock\" > /dev/null\nif [ $? != 0 ] ; then\n    # print error to STDERR\n    echo \"error: The sandbox is not in sync with the Podfile.lock. Run 'pod install' or update your CocoaPods installation.\" >&2\n    exit 1\nfi\n# This output is used by Xcode 'outputs' to avoid re-running this script phase.\necho \"SUCCESS\" > \"${SCRIPT_OUTPUT_FILE_0}\"\n";
			showEnvVarsInLog = 0;
		};
		893F857DAD6D96187678BE1E /* [CP] Embed Pods Frameworks */ = {
			isa = PBXShellScriptBuildPhase;
			buildActionMask = 2147483647;
			files = (
			);
			inputPaths = (
				"${SRCROOT}/Pods/Target Support Files/Pods-teachMeTests/Pods-teachMeTests-frameworks.sh",
				"${BUILT_PRODUCTS_DIR}/GTMSessionFetcher/GTMSessionFetcher.framework",
				"${BUILT_PRODUCTS_DIR}/GoogleUtilities/GoogleUtilities.framework",
				"${BUILT_PRODUCTS_DIR}/leveldb-library/leveldb.framework",
				"${BUILT_PRODUCTS_DIR}/nanopb/nanopb.framework",
			);
			name = "[CP] Embed Pods Frameworks";
			outputPaths = (
				"${TARGET_BUILD_DIR}/${FRAMEWORKS_FOLDER_PATH}/GTMSessionFetcher.framework",
				"${TARGET_BUILD_DIR}/${FRAMEWORKS_FOLDER_PATH}/GoogleUtilities.framework",
				"${TARGET_BUILD_DIR}/${FRAMEWORKS_FOLDER_PATH}/leveldb.framework",
				"${TARGET_BUILD_DIR}/${FRAMEWORKS_FOLDER_PATH}/nanopb.framework",
			);
			runOnlyForDeploymentPostprocessing = 0;
			shellPath = /bin/sh;
			shellScript = "\"${SRCROOT}/Pods/Target Support Files/Pods-teachMeTests/Pods-teachMeTests-frameworks.sh\"\n";
			showEnvVarsInLog = 0;
		};
		98FF58FE914E38E8513585DC /* [CP] Embed Pods Frameworks */ = {
			isa = PBXShellScriptBuildPhase;
			buildActionMask = 2147483647;
			files = (
			);
			inputPaths = (
				"${SRCROOT}/Pods/Target Support Files/Pods-teachMe/Pods-teachMe-frameworks.sh",
				"${BUILT_PRODUCTS_DIR}/GTMSessionFetcher/GTMSessionFetcher.framework",
				"${BUILT_PRODUCTS_DIR}/GoogleUtilities/GoogleUtilities.framework",
				"${BUILT_PRODUCTS_DIR}/leveldb-library/leveldb.framework",
				"${BUILT_PRODUCTS_DIR}/nanopb/nanopb.framework",
			);
			name = "[CP] Embed Pods Frameworks";
			outputPaths = (
				"${TARGET_BUILD_DIR}/${FRAMEWORKS_FOLDER_PATH}/GTMSessionFetcher.framework",
				"${TARGET_BUILD_DIR}/${FRAMEWORKS_FOLDER_PATH}/GoogleUtilities.framework",
				"${TARGET_BUILD_DIR}/${FRAMEWORKS_FOLDER_PATH}/leveldb.framework",
				"${TARGET_BUILD_DIR}/${FRAMEWORKS_FOLDER_PATH}/nanopb.framework",
			);
			runOnlyForDeploymentPostprocessing = 0;
			shellPath = /bin/sh;
			shellScript = "\"${SRCROOT}/Pods/Target Support Files/Pods-teachMe/Pods-teachMe-frameworks.sh\"\n";
			showEnvVarsInLog = 0;
		};
		CBD31D0D5166F4489B8823E0 /* [CP] Check Pods Manifest.lock */ = {
			isa = PBXShellScriptBuildPhase;
			buildActionMask = 2147483647;
			files = (
			);
			inputPaths = (
				"${PODS_PODFILE_DIR_PATH}/Podfile.lock",
				"${PODS_ROOT}/Manifest.lock",
			);
			name = "[CP] Check Pods Manifest.lock";
			outputPaths = (
				"$(DERIVED_FILE_DIR)/Pods-teachMeTests-checkManifestLockResult.txt",
			);
			runOnlyForDeploymentPostprocessing = 0;
			shellPath = /bin/sh;
			shellScript = "diff \"${PODS_PODFILE_DIR_PATH}/Podfile.lock\" \"${PODS_ROOT}/Manifest.lock\" > /dev/null\nif [ $? != 0 ] ; then\n    # print error to STDERR\n    echo \"error: The sandbox is not in sync with the Podfile.lock. Run 'pod install' or update your CocoaPods installation.\" >&2\n    exit 1\nfi\n# This output is used by Xcode 'outputs' to avoid re-running this script phase.\necho \"SUCCESS\" > \"${SCRIPT_OUTPUT_FILE_0}\"\n";
			showEnvVarsInLog = 0;
		};
/* End PBXShellScriptBuildPhase section */

/* Begin PBXSourcesBuildPhase section */
		F6392F1920B1D98A00973418 /* Sources */ = {
			isa = PBXSourcesBuildPhase;
			buildActionMask = 2147483647;
			files = (
				F6392F2320B1D98A00973418 /* LoginVC.swift in Sources */,
				F650264222878D7F007D0B17 /* RegisterUserUsecase.swift in Sources */,
				F6392F2920B1D98A00973418 /* teachMe.xcdatamodeld in Sources */,
				F650264A22879612007D0B17 /* UserEntity.swift in Sources */,
				F650262B2286901A007D0B17 /* AuthenticationError.swift in Sources */,
				F693BDB9227FA7F200B83944 /* CreateAccountVC.swift in Sources */,
				F650263222874C1B007D0B17 /* Constants.swift in Sources */,
				F6392F2120B1D98A00973418 /* AppDelegate.swift in Sources */,
				F6502648228795D3007D0B17 /* AuthenticationGateway.swift in Sources */,
				F650264F228880FE007D0B17 /* AuthenticationGatewayFirebase.swift in Sources */,
				F693BDB7227EBE1400B83944 /* ChalkBoardTextField.swift in Sources */,
				F650264D228875BF007D0B17 /* AccountType.swift in Sources */,
			);
			runOnlyForDeploymentPostprocessing = 0;
		};
		F66985662103FE1B0004CC7F /* Sources */ = {
			isa = PBXSourcesBuildPhase;
			buildActionMask = 2147483647;
			files = (
				F650263F22878D06007D0B17 /* RegisterUserUseCaseTests.swift in Sources */,
				F6698589211682430004CC7F /* LoginVCTests.swift in Sources */,
				F650264522879155007D0B17 /* AuthenticationGatewayStub.swift in Sources */,
				F650265122888CC4007D0B17 /* CreateAccountVCTests.swift in Sources */,
				F65026532289223D007D0B17 /* RegisterUserPresenterStub.swift in Sources */,
				F650262722868FE2007D0B17 /* AuthenticationErrorTests.swift in Sources */,
			);
			runOnlyForDeploymentPostprocessing = 0;
		};
		F693BDC7227FB2DB00B83944 /* Sources */ = {
			isa = PBXSourcesBuildPhase;
			buildActionMask = 2147483647;
			files = (
				F693BDD5227FB2F400B83944 /* teachmeLoginFlowUITests.swift in Sources */,
			);
			runOnlyForDeploymentPostprocessing = 0;
		};
/* End PBXSourcesBuildPhase section */

/* Begin PBXTargetDependency section */
		F66985702103FE1B0004CC7F /* PBXTargetDependency */ = {
			isa = PBXTargetDependency;
			target = F6392F1C20B1D98A00973418 /* teachMe */;
			targetProxy = F669856F2103FE1B0004CC7F /* PBXContainerItemProxy */;
		};
		F693BDD1227FB2DB00B83944 /* PBXTargetDependency */ = {
			isa = PBXTargetDependency;
			target = F6392F1C20B1D98A00973418 /* teachMe */;
			targetProxy = F693BDD0227FB2DB00B83944 /* PBXContainerItemProxy */;
		};
/* End PBXTargetDependency section */

/* Begin PBXVariantGroup section */
		F6392F2420B1D98A00973418 /* Main.storyboard */ = {
			isa = PBXVariantGroup;
			children = (
				F6392F2520B1D98A00973418 /* Base */,
			);
			name = Main.storyboard;
			sourceTree = "<group>";
		};
		F6392F2C20B1D98C00973418 /* LaunchScreen.storyboard */ = {
			isa = PBXVariantGroup;
			children = (
				F6392F2D20B1D98C00973418 /* Base */,
			);
			name = LaunchScreen.storyboard;
			sourceTree = "<group>";
		};
/* End PBXVariantGroup section */

/* Begin XCBuildConfiguration section */
		F6392F3120B1D98C00973418 /* Release */ = {
			isa = XCBuildConfiguration;
			buildSettings = {
				ALWAYS_SEARCH_USER_PATHS = NO;
				CLANG_ANALYZER_NONNULL = YES;
				CLANG_ANALYZER_NUMBER_OBJECT_CONVERSION = YES_AGGRESSIVE;
				CLANG_CXX_LANGUAGE_STANDARD = "gnu++14";
				CLANG_CXX_LIBRARY = "libc++";
				CLANG_ENABLE_MODULES = YES;
				CLANG_ENABLE_OBJC_ARC = YES;
				CLANG_ENABLE_OBJC_WEAK = YES;
				CLANG_WARN_BLOCK_CAPTURE_AUTORELEASING = YES;
				CLANG_WARN_BOOL_CONVERSION = YES;
				CLANG_WARN_COMMA = YES;
				CLANG_WARN_CONSTANT_CONVERSION = YES;
				CLANG_WARN_DEPRECATED_OBJC_IMPLEMENTATIONS = YES;
				CLANG_WARN_DIRECT_OBJC_ISA_USAGE = YES_ERROR;
				CLANG_WARN_DOCUMENTATION_COMMENTS = YES;
				CLANG_WARN_EMPTY_BODY = YES;
				CLANG_WARN_ENUM_CONVERSION = YES;
				CLANG_WARN_INFINITE_RECURSION = YES;
				CLANG_WARN_INT_CONVERSION = YES;
				CLANG_WARN_NON_LITERAL_NULL_CONVERSION = YES;
				CLANG_WARN_OBJC_IMPLICIT_RETAIN_SELF = YES;
				CLANG_WARN_OBJC_LITERAL_CONVERSION = YES;
				CLANG_WARN_OBJC_ROOT_CLASS = YES_ERROR;
				CLANG_WARN_RANGE_LOOP_ANALYSIS = YES;
				CLANG_WARN_STRICT_PROTOTYPES = YES;
				CLANG_WARN_SUSPICIOUS_MOVE = YES;
				CLANG_WARN_UNGUARDED_AVAILABILITY = YES_AGGRESSIVE;
				CLANG_WARN_UNREACHABLE_CODE = YES;
				CLANG_WARN__DUPLICATE_METHOD_MATCH = YES;
				CODE_SIGN_IDENTITY = "iPhone Developer";
				COPY_PHASE_STRIP = NO;
				DEBUG_INFORMATION_FORMAT = "dwarf-with-dsym";
				ENABLE_NS_ASSERTIONS = NO;
				ENABLE_STRICT_OBJC_MSGSEND = YES;
				GCC_C_LANGUAGE_STANDARD = gnu11;
				GCC_NO_COMMON_BLOCKS = YES;
				GCC_WARN_64_TO_32_BIT_CONVERSION = YES;
				GCC_WARN_ABOUT_RETURN_TYPE = YES_ERROR;
				GCC_WARN_UNDECLARED_SELECTOR = YES;
				GCC_WARN_UNINITIALIZED_AUTOS = YES_AGGRESSIVE;
				GCC_WARN_UNUSED_FUNCTION = YES;
				GCC_WARN_UNUSED_VARIABLE = YES;
				IPHONEOS_DEPLOYMENT_TARGET = 11.3;
				MTL_ENABLE_DEBUG_INFO = NO;
				SDKROOT = iphoneos;
				SWIFT_COMPILATION_MODE = wholemodule;
				SWIFT_OPTIMIZATION_LEVEL = "-O";
				VALIDATE_PRODUCT = YES;
			};
			name = Release;
		};
		F6392F3420B1D98C00973418 /* Release */ = {
			isa = XCBuildConfiguration;
			baseConfigurationReference = 94D534B9BDBC9703C4C7A07E /* Pods-teachMe.release.xcconfig */;
			buildSettings = {
				ASSETCATALOG_COMPILER_APPICON_NAME = AppIcon;
				CODE_SIGN_IDENTITY = "iPhone Developer";
				CODE_SIGN_STYLE = Automatic;
				CURRENT_PROJECT_VERSION = 26;
				DEVELOPMENT_TEAM = AMLYNCKP6M;
				ENABLE_TESTABILITY = YES;
				INFOPLIST_FILE = teachMe/Info.plist;
				LD_RUNPATH_SEARCH_PATHS = (
					"$(inherited)",
					"@executable_path/Frameworks",
				);
				PRODUCT_BUNDLE_IDENTIFIER = petitcoding.com.teachMe;
				PRODUCT_NAME = "$(TARGET_NAME)";
				PROVISIONING_PROFILE = "";
				PROVISIONING_PROFILE_SPECIFIER = "";
				SWIFT_VERSION = 4.0;
				TARGETED_DEVICE_FAMILY = "1,2";
				VERSIONING_SYSTEM = "apple-generic";
			};
			name = Release;
		};
		F66985732103FE1B0004CC7F /* Release */ = {
			isa = XCBuildConfiguration;
			baseConfigurationReference = E477D0688042F05CB832AB61 /* Pods-teachMeTests.release.xcconfig */;
			buildSettings = {
				BUNDLE_LOADER = "$(TEST_HOST)";
				CODE_SIGN_STYLE = Automatic;
				DEVELOPMENT_TEAM = AMLYNCKP6M;
				INFOPLIST_FILE = teachMeTests/Info.plist;
				IPHONEOS_DEPLOYMENT_TARGET = 11.4;
				LD_RUNPATH_SEARCH_PATHS = (
					"$(inherited)",
					"@executable_path/Frameworks",
					"@loader_path/Frameworks",
				);
				PRODUCT_BUNDLE_IDENTIFIER = petitcoding.com.teachMeTests;
				PRODUCT_NAME = "$(TARGET_NAME)";
				SWIFT_VERSION = 4.0;
				TARGETED_DEVICE_FAMILY = "1,2";
				TEST_HOST = "$(BUILT_PRODUCTS_DIR)/teachMe.app/teachMe";
			};
			name = Release;
		};
		F693BDD3227FB2DB00B83944 /* Release */ = {
			isa = XCBuildConfiguration;
			buildSettings = {
				CODE_SIGN_STYLE = Automatic;
				DEVELOPMENT_TEAM = AMLYNCKP6M;
				INFOPLIST_FILE = teachMeUITests/Info.plist;
				IPHONEOS_DEPLOYMENT_TARGET = 12.2;
				LD_RUNPATH_SEARCH_PATHS = (
					"$(inherited)",
					"@executable_path/Frameworks",
					"@loader_path/Frameworks",
				);
				MTL_FAST_MATH = YES;
				PRODUCT_BUNDLE_IDENTIFIER = com.petitcoding.teachMeUITests;
				PRODUCT_NAME = "$(TARGET_NAME)";
				SWIFT_VERSION = 4.0;
				TARGETED_DEVICE_FAMILY = "1,2";
				TEST_TARGET_NAME = teachMe;
			};
			name = Release;
		};
/* End XCBuildConfiguration section */

/* Begin XCConfigurationList section */
		F6392F1820B1D98A00973418 /* Build configuration list for PBXProject "teachMe" */ = {
			isa = XCConfigurationList;
			buildConfigurations = (
				F6392F3120B1D98C00973418 /* Release */,
			);
			defaultConfigurationIsVisible = 0;
			defaultConfigurationName = Release;
		};
		F6392F3220B1D98C00973418 /* Build configuration list for PBXNativeTarget "teachMe" */ = {
			isa = XCConfigurationList;
			buildConfigurations = (
				F6392F3420B1D98C00973418 /* Release */,
			);
			defaultConfigurationIsVisible = 0;
			defaultConfigurationName = Release;
		};
		F66985712103FE1B0004CC7F /* Build configuration list for PBXNativeTarget "teachMeTests" */ = {
			isa = XCConfigurationList;
			buildConfigurations = (
				F66985732103FE1B0004CC7F /* Release */,
			);
			defaultConfigurationIsVisible = 0;
			defaultConfigurationName = Release;
		};
		F693BDD2227FB2DB00B83944 /* Build configuration list for PBXNativeTarget "teachMeUITests" */ = {
			isa = XCConfigurationList;
			buildConfigurations = (
				F693BDD3227FB2DB00B83944 /* Release */,
			);
			defaultConfigurationIsVisible = 0;
			defaultConfigurationName = Release;
		};
/* End XCConfigurationList section */

/* Begin XCVersionGroup section */
		F6392F2720B1D98A00973418 /* teachMe.xcdatamodeld */ = {
			isa = XCVersionGroup;
			children = (
				F6392F2820B1D98A00973418 /* teachMe.xcdatamodel */,
			);
			currentVersion = F6392F2820B1D98A00973418 /* teachMe.xcdatamodel */;
			path = teachMe.xcdatamodeld;
			sourceTree = "<group>";
			versionGroupType = wrapper.xcdatamodel;
		};
/* End XCVersionGroup section */
	};
	rootObject = F6392F1520B1D98A00973418 /* Project object */;
}
